// !$*UTF8*$!
{
	archiveVersion = 1;
	classes = {
	};
	objectVersion = 48;
	objects = {

/* Begin PBXBuildFile section */
		6A1A3B072060DB9E00CCAE98 /* VideoToolbox.framework in Frameworks */ = {isa = PBXBuildFile; fileRef = 6A1A3B062060DB9E00CCAE98 /* VideoToolbox.framework */; };
		6A1A3B0C20610BA700CCAE98 /* VideoCallViewController.m in Sources */ = {isa = PBXBuildFile; fileRef = 6A1A3B0B20610BA700CCAE98 /* VideoCallViewController.m */; };
		6AA42703205A191B00CB3E63 /* AppDelegate.m in Sources */ = {isa = PBXBuildFile; fileRef = 6AA42702205A191B00CB3E63 /* AppDelegate.m */; };
		6AA42706205A191B00CB3E63 /* ViewController.m in Sources */ = {isa = PBXBuildFile; fileRef = 6AA42705205A191B00CB3E63 /* ViewController.m */; };
		6AA42709205A191B00CB3E63 /* Main.storyboard in Resources */ = {isa = PBXBuildFile; fileRef = 6AA42707205A191B00CB3E63 /* Main.storyboard */; };
		6AA4270B205A191B00CB3E63 /* Assets.xcassets in Resources */ = {isa = PBXBuildFile; fileRef = 6AA4270A205A191B00CB3E63 /* Assets.xcassets */; };
		6AA4270E205A191B00CB3E63 /* LaunchScreen.storyboard in Resources */ = {isa = PBXBuildFile; fileRef = 6AA4270C205A191B00CB3E63 /* LaunchScreen.storyboard */; };
		6AA42711205A191B00CB3E63 /* main.m in Sources */ = {isa = PBXBuildFile; fileRef = 6AA42710205A191B00CB3E63 /* main.m */; };
		9B8D2B02256FB04700206F37 /* libc++.tbd in Frameworks */ = {isa = PBXBuildFile; fileRef = 9B8D2B01256FB03D00206F37 /* libc++.tbd */; };
		DF010C425CFC34A662223E4D /* libPods-GJJanusDemo.a in Frameworks */ = {isa = PBXBuildFile; fileRef = 4A6E875D01BA5DB31CB32CDF /* libPods-GJJanusDemo.a */; };
/* End PBXBuildFile section */

/* Begin PBXCopyFilesBuildPhase section */
		6A25DFE42094570A00B15ADB /* Embed Frameworks */ = {
			isa = PBXCopyFilesBuildPhase;
			buildActionMask = 2147483647;
			dstPath = "";
			dstSubfolderSpec = 10;
			files = (
			);
			name = "Embed Frameworks";
			runOnlyForDeploymentPostprocessing = 0;
		};
/* End PBXCopyFilesBuildPhase section */

/* Begin PBXFileReference section */
		4651861CDC75438DEFA3C638 /* Pods-JanusDemo.debug.xcconfig */ = {isa = PBXFileReference; includeInIndex = 1; lastKnownFileType = text.xcconfig; name = "Pods-JanusDemo.debug.xcconfig"; path = "Pods/Target Support Files/Pods-JanusDemo/Pods-JanusDemo.debug.xcconfig"; sourceTree = "<group>"; };
		49184AE9514E6304B6F0B88A /* Pods-Janus.debug.xcconfig */ = {isa = PBXFileReference; includeInIndex = 1; lastKnownFileType = text.xcconfig; name = "Pods-Janus.debug.xcconfig"; path = "Pods/Target Support Files/Pods-Janus/Pods-Janus.debug.xcconfig"; sourceTree = "<group>"; };
		4A6E875D01BA5DB31CB32CDF /* libPods-GJJanusDemo.a */ = {isa = PBXFileReference; explicitFileType = archive.ar; includeInIndex = 0; path = "libPods-GJJanusDemo.a"; sourceTree = BUILT_PRODUCTS_DIR; };
		4FEE1BA4094029DC948B72F7 /* libPods-Janus.a */ = {isa = PBXFileReference; explicitFileType = archive.ar; includeInIndex = 0; path = "libPods-Janus.a"; sourceTree = BUILT_PRODUCTS_DIR; };
		54411A4BEE9964BD1B6E1CDE /* Pods-GJJanusDemo.release.xcconfig */ = {isa = PBXFileReference; includeInIndex = 1; lastKnownFileType = text.xcconfig; name = "Pods-GJJanusDemo.release.xcconfig"; path = "Pods/Target Support Files/Pods-GJJanusDemo/Pods-GJJanusDemo.release.xcconfig"; sourceTree = "<group>"; };
		6A1A3B062060DB9E00CCAE98 /* VideoToolbox.framework */ = {isa = PBXFileReference; lastKnownFileType = wrapper.framework; name = VideoToolbox.framework; path = System/Library/Frameworks/VideoToolbox.framework; sourceTree = SDKROOT; };
		6A1A3B0A20610BA700CCAE98 /* VideoCallViewController.h */ = {isa = PBXFileReference; lastKnownFileType = sourcecode.c.h; path = VideoCallViewController.h; sourceTree = "<group>"; };
		6A1A3B0B20610BA700CCAE98 /* VideoCallViewController.m */ = {isa = PBXFileReference; lastKnownFileType = sourcecode.c.objc; path = VideoCallViewController.m; sourceTree = "<group>"; };
		6A3986F0208DB4FF00C085E6 /* GJJanusResultModel.h */ = {isa = PBXFileReference; lastKnownFileType = sourcecode.c.h; path = GJJanusResultModel.h; sourceTree = "<group>"; };
		6A3986F1208DB4FF00C085E6 /* GJJanusResultModel.m */ = {isa = PBXFileReference; lastKnownFileType = sourcecode.c.objc; path = GJJanusResultModel.m; sourceTree = "<group>"; };
		6A626C5620CA20DE00AD8DC3 /* WebRTC.framework */ = {isa = PBXFileReference; lastKnownFileType = wrapper.framework; path = WebRTC.framework; sourceTree = "<group>"; };
		6A67912520736D4A00117D08 /* GJJanusRole.h */ = {isa = PBXFileReference; lastKnownFileType = sourcecode.c.h; path = GJJanusRole.h; sourceTree = "<group>"; };
		6A67912620736D4A00117D08 /* GJJanusRole.m */ = {isa = PBXFileReference; lastKnownFileType = sourcecode.c.objc; path = GJJanusRole.m; sourceTree = "<group>"; };
		6A67912820736DBF00117D08 /* GJJanusSubscriberRole.h */ = {isa = PBXFileReference; lastKnownFileType = sourcecode.c.h; path = GJJanusSubscriberRole.h; sourceTree = "<group>"; };
		6A67912920736DBF00117D08 /* GJJanusSubscriberRole.m */ = {isa = PBXFileReference; lastKnownFileType = sourcecode.c.objc; path = GJJanusSubscriberRole.m; sourceTree = "<group>"; };
		6A67912B20736DEB00117D08 /* GJJanusPublishRole.h */ = {isa = PBXFileReference; lastKnownFileType = sourcecode.c.h; path = GJJanusPublishRole.h; sourceTree = "<group>"; };
		6A67912C20736DEB00117D08 /* GJJanusPublishRole.m */ = {isa = PBXFileReference; lastKnownFileType = sourcecode.c.objc; path = GJJanusPublishRole.m; sourceTree = "<group>"; };
		6A67912E2073709300117D08 /* RTCFactory.h */ = {isa = PBXFileReference; lastKnownFileType = sourcecode.c.h; path = RTCFactory.h; sourceTree = "<group>"; };
		6A67912F2073709300117D08 /* RTCFactory.m */ = {isa = PBXFileReference; lastKnownFileType = sourcecode.c.objc; path = RTCFactory.m; sourceTree = "<group>"; };
		6A67913420737C2100117D08 /* GJJanusMediaConstraints.h */ = {isa = PBXFileReference; lastKnownFileType = sourcecode.c.h; path = GJJanusMediaConstraints.h; sourceTree = "<group>"; };
		6A67913520737C2100117D08 /* GJJanusMediaConstraints.m */ = {isa = PBXFileReference; lastKnownFileType = sourcecode.c.objc; path = GJJanusMediaConstraints.m; sourceTree = "<group>"; };
		6A67913720737D3A00117D08 /* GJJanusMediaConstraints+private.h */ = {isa = PBXFileReference; lastKnownFileType = sourcecode.c.h; path = "GJJanusMediaConstraints+private.h"; sourceTree = "<group>"; };
		6A67913820737D3A00117D08 /* GJJanusMediaConstraints+private.m */ = {isa = PBXFileReference; lastKnownFileType = sourcecode.c.objc; path = "GJJanusMediaConstraints+private.m"; sourceTree = "<group>"; };
		6AA426FE205A191B00CB3E63 /* GJJanusDemo.app */ = {isa = PBXFileReference; explicitFileType = wrapper.application; includeInIndex = 0; path = GJJanusDemo.app; sourceTree = BUILT_PRODUCTS_DIR; };
		6AA42701205A191B00CB3E63 /* AppDelegate.h */ = {isa = PBXFileReference; lastKnownFileType = sourcecode.c.h; path = AppDelegate.h; sourceTree = "<group>"; };
		6AA42702205A191B00CB3E63 /* AppDelegate.m */ = {isa = PBXFileReference; lastKnownFileType = sourcecode.c.objc; path = AppDelegate.m; sourceTree = "<group>"; };
		6AA42704205A191B00CB3E63 /* ViewController.h */ = {isa = PBXFileReference; lastKnownFileType = sourcecode.c.h; path = ViewController.h; sourceTree = "<group>"; };
		6AA42705205A191B00CB3E63 /* ViewController.m */ = {isa = PBXFileReference; lastKnownFileType = sourcecode.c.objc; path = ViewController.m; sourceTree = "<group>"; };
		6AA42708205A191B00CB3E63 /* Base */ = {isa = PBXFileReference; lastKnownFileType = file.storyboard; name = Base; path = Base.lproj/Main.storyboard; sourceTree = "<group>"; };
		6AA4270A205A191B00CB3E63 /* Assets.xcassets */ = {isa = PBXFileReference; lastKnownFileType = folder.assetcatalog; path = Assets.xcassets; sourceTree = "<group>"; };
		6AA4270D205A191B00CB3E63 /* Base */ = {isa = PBXFileReference; lastKnownFileType = file.storyboard; name = Base; path = Base.lproj/LaunchScreen.storyboard; sourceTree = "<group>"; };
		6AA4270F205A191B00CB3E63 /* Info.plist */ = {isa = PBXFileReference; lastKnownFileType = text.plist.xml; path = Info.plist; sourceTree = "<group>"; };
		6AA42710205A191B00CB3E63 /* main.m */ = {isa = PBXFileReference; lastKnownFileType = sourcecode.c.objc; path = main.m; sourceTree = "<group>"; };
		6AA427A8205A19D600CB3E63 /* GJJanusWebSocket.m */ = {isa = PBXFileReference; fileEncoding = 4; lastKnownFileType = sourcecode.c.objc; path = GJJanusWebSocket.m; sourceTree = "<group>"; };
		6AA427A9205A19D600CB3E63 /* GJJanusWebSocket.h */ = {isa = PBXFileReference; fileEncoding = 4; lastKnownFileType = sourcecode.c.h; path = GJJanusWebSocket.h; sourceTree = "<group>"; };
		6AA427AA205A19D600CB3E63 /* GJJanus.m */ = {isa = PBXFileReference; fileEncoding = 4; lastKnownFileType = sourcecode.c.objc; path = GJJanus.m; sourceTree = "<group>"; };
		6AA427AB205A19D600CB3E63 /* GJJanusPlugin.h */ = {isa = PBXFileReference; fileEncoding = 4; lastKnownFileType = sourcecode.c.h; path = GJJanusPlugin.h; sourceTree = "<group>"; };
		6AA427AC205A19D600CB3E63 /* GJJanus.h */ = {isa = PBXFileReference; fileEncoding = 4; lastKnownFileType = sourcecode.c.h; path = GJJanus.h; sourceTree = "<group>"; };
		6AA427AD205A19D600CB3E63 /* GJJanusPlugin.m */ = {isa = PBXFileReference; fileEncoding = 4; lastKnownFileType = sourcecode.c.objc; path = GJJanusPlugin.m; sourceTree = "<group>"; };
		6AA427AE205A19D600CB3E63 /* GJJanusVideoRoom.m */ = {isa = PBXFileReference; fileEncoding = 4; lastKnownFileType = sourcecode.c.objc; path = GJJanusVideoRoom.m; sourceTree = "<group>"; };
		6AA427AF205A19D700CB3E63 /* GJJanusVideoRoom.h */ = {isa = PBXFileReference; fileEncoding = 4; lastKnownFileType = sourcecode.c.h; path = GJJanusVideoRoom.h; sourceTree = "<group>"; };
		6AA427B4205A19DF00CB3E63 /* Tools.h */ = {isa = PBXFileReference; fileEncoding = 4; lastKnownFileType = sourcecode.c.h; path = Tools.h; sourceTree = "<group>"; };
		6AA427B5205A19DF00CB3E63 /* Transports.m */ = {isa = PBXFileReference; fileEncoding = 4; lastKnownFileType = sourcecode.c.objc; path = Transports.m; sourceTree = "<group>"; };
		6AA427B6205A19E000CB3E63 /* Transports.h */ = {isa = PBXFileReference; fileEncoding = 4; lastKnownFileType = sourcecode.c.h; path = Transports.h; sourceTree = "<group>"; };
		6AA427B7205A19E000CB3E63 /* Tools.m */ = {isa = PBXFileReference; fileEncoding = 4; lastKnownFileType = sourcecode.c.objc; path = Tools.m; sourceTree = "<group>"; };
		6AA42803205A588600CB3E63 /* GJJanusHttp.h */ = {isa = PBXFileReference; lastKnownFileType = sourcecode.c.h; path = GJJanusHttp.h; sourceTree = "<group>"; };
		6AA42804205A588600CB3E63 /* GJJanusHttp.m */ = {isa = PBXFileReference; lastKnownFileType = sourcecode.c.objc; path = GJJanusHttp.m; sourceTree = "<group>"; };
		6AA42835205A77BA00CB3E63 /* libAFNetworking.a */ = {isa = PBXFileReference; explicitFileType = archive.ar; path = libAFNetworking.a; sourceTree = BUILT_PRODUCTS_DIR; };
		6AA42837205A77C700CB3E63 /* libAFNetworking.a */ = {isa = PBXFileReference; explicitFileType = archive.ar; path = libAFNetworking.a; sourceTree = BUILT_PRODUCTS_DIR; };
		6AA42839205A77D300CB3E63 /* libSocketRocket.a */ = {isa = PBXFileReference; explicitFileType = archive.ar; path = libSocketRocket.a; sourceTree = BUILT_PRODUCTS_DIR; };
		6AB0ACCF20848A00000981DD /* KKRTCDefine.h */ = {isa = PBXFileReference; lastKnownFileType = sourcecode.c.h; path = KKRTCDefine.h; sourceTree = "<group>"; };
		6AB0ACD020848A00000981DD /* KKRTCDefine.m */ = {isa = PBXFileReference; lastKnownFileType = sourcecode.c.objc; path = KKRTCDefine.m; sourceTree = "<group>"; };
		6AB0ACD22084987C000981DD /* KKRTCDefine+private.h */ = {isa = PBXFileReference; lastKnownFileType = sourcecode.c.h; path = "KKRTCDefine+private.h"; sourceTree = "<group>"; };
		6AB0ACD32084987C000981DD /* KKRTCDefine+private.m */ = {isa = PBXFileReference; lastKnownFileType = sourcecode.c.objc; path = "KKRTCDefine+private.m"; sourceTree = "<group>"; };
		6AB0AD582086DA3D000981DD /* GroupTimer.h */ = {isa = PBXFileReference; lastKnownFileType = sourcecode.c.h; path = GroupTimer.h; sourceTree = "<group>"; };
		6AB0AD592086DA3D000981DD /* GroupTimer.m */ = {isa = PBXFileReference; lastKnownFileType = sourcecode.c.objc; path = GroupTimer.m; sourceTree = "<group>"; };
		6AB0AD7820882BD5000981DD /* KKRTCVideoCapturer.h */ = {isa = PBXFileReference; lastKnownFileType = sourcecode.c.h; path = KKRTCVideoCapturer.h; sourceTree = "<group>"; };
		6AB0AD7920882BD5000981DD /* KKRTCVideoCapturer.m */ = {isa = PBXFileReference; lastKnownFileType = sourcecode.c.objc; path = KKRTCVideoCapturer.m; sourceTree = "<group>"; };
		6AB0AD8620882E7C000981DD /* GJLiveDefine.h */ = {isa = PBXFileReference; fileEncoding = 4; lastKnownFileType = sourcecode.c.h; path = GJLiveDefine.h; sourceTree = "<group>"; };
		6AB0AD8720882F99000981DD /* GJPlatformHeader.h */ = {isa = PBXFileReference; fileEncoding = 4; lastKnownFileType = sourcecode.c.h; path = GJPlatformHeader.h; sourceTree = "<group>"; };
		6AB0AD882088374E000981DD /* GJLog.c */ = {isa = PBXFileReference; fileEncoding = 4; lastKnownFileType = sourcecode.c.c; path = GJLog.c; sourceTree = "<group>"; };
		6DC7711CEBB4DE3608521B1A /* libPods-JanusDemo.a */ = {isa = PBXFileReference; explicitFileType = archive.ar; includeInIndex = 0; path = "libPods-JanusDemo.a"; sourceTree = BUILT_PRODUCTS_DIR; };
		7E2A07ACD4E1511E3C3D0D88 /* Pods-Janus.release.xcconfig */ = {isa = PBXFileReference; includeInIndex = 1; lastKnownFileType = text.xcconfig; name = "Pods-Janus.release.xcconfig"; path = "Pods/Target Support Files/Pods-Janus/Pods-Janus.release.xcconfig"; sourceTree = "<group>"; };
		9B8D2B01256FB03D00206F37 /* libc++.tbd */ = {isa = PBXFileReference; lastKnownFileType = "sourcecode.text-based-dylib-definition"; name = "libc++.tbd"; path = "usr/lib/libc++.tbd"; sourceTree = SDKROOT; };
		EDB13F93C47F8C6E645CE49F /* Pods-JanusDemo.release.xcconfig */ = {isa = PBXFileReference; includeInIndex = 1; lastKnownFileType = text.xcconfig; name = "Pods-JanusDemo.release.xcconfig"; path = "Pods/Target Support Files/Pods-JanusDemo/Pods-JanusDemo.release.xcconfig"; sourceTree = "<group>"; };
		F597E2BDC3054159ED486457 /* Pods-GJJanusDemo.debug.xcconfig */ = {isa = PBXFileReference; includeInIndex = 1; lastKnownFileType = text.xcconfig; name = "Pods-GJJanusDemo.debug.xcconfig"; path = "Pods/Target Support Files/Pods-GJJanusDemo/Pods-GJJanusDemo.debug.xcconfig"; sourceTree = "<group>"; };
/* End PBXFileReference section */

/* Begin PBXFrameworksBuildPhase section */
		6AA426FB205A191B00CB3E63 /* Frameworks */ = {
			isa = PBXFrameworksBuildPhase;
			buildActionMask = 2147483647;
			files = (
				9B8D2B02256FB04700206F37 /* libc++.tbd in Frameworks */,
				6A1A3B072060DB9E00CCAE98 /* VideoToolbox.framework in Frameworks */,
				DF010C425CFC34A662223E4D /* libPods-GJJanusDemo.a in Frameworks */,
			);
			runOnlyForDeploymentPostprocessing = 0;
		};
/* End PBXFrameworksBuildPhase section */

/* Begin PBXGroup section */
		043B9D1C999986986997A624 /* Pods */ = {
			isa = PBXGroup;
			children = (
				49184AE9514E6304B6F0B88A /* Pods-Janus.debug.xcconfig */,
				7E2A07ACD4E1511E3C3D0D88 /* Pods-Janus.release.xcconfig */,
				4651861CDC75438DEFA3C638 /* Pods-JanusDemo.debug.xcconfig */,
				EDB13F93C47F8C6E645CE49F /* Pods-JanusDemo.release.xcconfig */,
				F597E2BDC3054159ED486457 /* Pods-GJJanusDemo.debug.xcconfig */,
				54411A4BEE9964BD1B6E1CDE /* Pods-GJJanusDemo.release.xcconfig */,
			);
			name = Pods;
			sourceTree = "<group>";
		};
		49C6F4CF60DA59BBBE1EE815 /* Frameworks */ = {
			isa = PBXGroup;
			children = (
				9B8D2B01256FB03D00206F37 /* libc++.tbd */,
				6A626C5620CA20DE00AD8DC3 /* WebRTC.framework */,
				6A1A3B062060DB9E00CCAE98 /* VideoToolbox.framework */,
				6AA42839205A77D300CB3E63 /* libSocketRocket.a */,
				6AA42837205A77C700CB3E63 /* libAFNetworking.a */,
				6AA42835205A77BA00CB3E63 /* libAFNetworking.a */,
				4FEE1BA4094029DC948B72F7 /* libPods-Janus.a */,
				6DC7711CEBB4DE3608521B1A /* libPods-JanusDemo.a */,
				4A6E875D01BA5DB31CB32CDF /* libPods-GJJanusDemo.a */,
			);
			name = Frameworks;
			sourceTree = "<group>";
		};
		6AA426F5205A191B00CB3E63 = {
			isa = PBXGroup;
			children = (
				6AA42700205A191B00CB3E63 /* JanusDemo */,
				6AA427A0205A19BF00CB3E63 /* Janus */,
				6AA426FF205A191B00CB3E63 /* Products */,
				043B9D1C999986986997A624 /* Pods */,
				49C6F4CF60DA59BBBE1EE815 /* Frameworks */,
			);
			sourceTree = "<group>";
		};
		6AA426FF205A191B00CB3E63 /* Products */ = {
			isa = PBXGroup;
			children = (
				6AA426FE205A191B00CB3E63 /* GJJanusDemo.app */,
			);
			name = Products;
			sourceTree = "<group>";
		};
		6AA42700205A191B00CB3E63 /* JanusDemo */ = {
			isa = PBXGroup;
			children = (
				6AA42701205A191B00CB3E63 /* AppDelegate.h */,
				6AA42702205A191B00CB3E63 /* AppDelegate.m */,
				6A1A3B0A20610BA700CCAE98 /* VideoCallViewController.h */,
				6A1A3B0B20610BA700CCAE98 /* VideoCallViewController.m */,
				6AA42704205A191B00CB3E63 /* ViewController.h */,
				6AA42705205A191B00CB3E63 /* ViewController.m */,
				6AA42707205A191B00CB3E63 /* Main.storyboard */,
				6AA4270A205A191B00CB3E63 /* Assets.xcassets */,
				6AA4270C205A191B00CB3E63 /* LaunchScreen.storyboard */,
				6AA4270F205A191B00CB3E63 /* Info.plist */,
				6AA42710205A191B00CB3E63 /* main.m */,
			);
			path = JanusDemo;
			sourceTree = "<group>";
		};
		6AA427A0205A19BF00CB3E63 /* Janus */ = {
			isa = PBXGroup;
			children = (
				6AB0AD8520882E5E000981DD /* GJCategory */,
				6AB0ACD22084987C000981DD /* KKRTCDefine+private.h */,
				6AB0ACD32084987C000981DD /* KKRTCDefine+private.m */,
				6AB0ACCF20848A00000981DD /* KKRTCDefine.h */,
				6AB0ACD020848A00000981DD /* KKRTCDefine.m */,
				6AA427AC205A19D600CB3E63 /* GJJanus.h */,
				6AA427AA205A19D600CB3E63 /* GJJanus.m */,
				6A3986F0208DB4FF00C085E6 /* GJJanusResultModel.h */,
				6A3986F1208DB4FF00C085E6 /* GJJanusResultModel.m */,
				6AB0AD7820882BD5000981DD /* KKRTCVideoCapturer.h */,
				6AB0AD7920882BD5000981DD /* KKRTCVideoCapturer.m */,
				6AB0AD582086DA3D000981DD /* GroupTimer.h */,
				6AB0AD592086DA3D000981DD /* GroupTimer.m */,
				6AA42803205A588600CB3E63 /* GJJanusHttp.h */,
				6AA42804205A588600CB3E63 /* GJJanusHttp.m */,
				6AA427AB205A19D600CB3E63 /* GJJanusPlugin.h */,
				6AA427AD205A19D600CB3E63 /* GJJanusPlugin.m */,
				6AA427AF205A19D700CB3E63 /* GJJanusVideoRoom.h */,
				6AA427AE205A19D600CB3E63 /* GJJanusVideoRoom.m */,
				6A67913420737C2100117D08 /* GJJanusMediaConstraints.h */,
				6A67913520737C2100117D08 /* GJJanusMediaConstraints.m */,
				6A67913720737D3A00117D08 /* GJJanusMediaConstraints+private.h */,
				6A67913820737D3A00117D08 /* GJJanusMediaConstraints+private.m */,
				6A67912E2073709300117D08 /* RTCFactory.h */,
				6A67912F2073709300117D08 /* RTCFactory.m */,
				6A67912520736D4A00117D08 /* GJJanusRole.h */,
				6A67912620736D4A00117D08 /* GJJanusRole.m */,
				6A67912820736DBF00117D08 /* GJJanusSubscriberRole.h */,
				6A67912920736DBF00117D08 /* GJJanusSubscriberRole.m */,
				6A67912B20736DEB00117D08 /* GJJanusPublishRole.h */,
				6A67912C20736DEB00117D08 /* GJJanusPublishRole.m */,
				6AA427A9205A19D600CB3E63 /* GJJanusWebSocket.h */,
				6AA427A8205A19D600CB3E63 /* GJJanusWebSocket.m */,
				6AA427B4205A19DF00CB3E63 /* Tools.h */,
				6AA427B7205A19E000CB3E63 /* Tools.m */,
				6AA427B6205A19E000CB3E63 /* Transports.h */,
				6AA427B5205A19DF00CB3E63 /* Transports.m */,
			);
			path = Janus;
			sourceTree = "<group>";
		};
		6AB0AD8520882E5E000981DD /* GJCategory */ = {
			isa = PBXGroup;
			children = (
				6AB0AD882088374E000981DD /* GJLog.c */,
				6AB0AD8720882F99000981DD /* GJPlatformHeader.h */,
				6AB0AD8620882E7C000981DD /* GJLiveDefine.h */,
			);
			path = GJCategory;
			sourceTree = "<group>";
		};
/* End PBXGroup section */

/* Begin PBXNativeTarget section */
		6AA426FD205A191B00CB3E63 /* GJJanusDemo */ = {
			isa = PBXNativeTarget;
			buildConfigurationList = 6AA42714205A191B00CB3E63 /* Build configuration list for PBXNativeTarget "GJJanusDemo" */;
			buildPhases = (
				5DD80F3FECAC34AD33A445B1 /* [CP] Check Pods Manifest.lock */,
				6AA426FA205A191B00CB3E63 /* Sources */,
				6AA426FB205A191B00CB3E63 /* Frameworks */,
				6AA426FC205A191B00CB3E63 /* Resources */,
				6A25DFE42094570A00B15ADB /* Embed Frameworks */,
				614F30546EB69EB29C2CE621 /* [CP] Embed Pods Frameworks */,
			);
			buildRules = (
			);
			dependencies = (
			);
			name = GJJanusDemo;
			productName = JanusDemo;
			productReference = 6AA426FE205A191B00CB3E63 /* GJJanusDemo.app */;
			productType = "com.apple.product-type.application";
		};
/* End PBXNativeTarget section */

/* Begin PBXProject section */
		6AA426F6205A191B00CB3E63 /* Project object */ = {
			isa = PBXProject;
			attributes = {
				LastUpgradeCheck = 0920;
				ORGANIZATIONNAME = MirrorUncle;
				TargetAttributes = {
					6AA426FD205A191B00CB3E63 = {
						CreatedOnToolsVersion = 9.2;
						ProvisioningStyle = Automatic;
					};
				};
			};
			buildConfigurationList = 6AA426F9205A191B00CB3E63 /* Build configuration list for PBXProject "GJJanusDemo" */;
			compatibilityVersion = "Xcode 8.0";
			developmentRegion = en;
			hasScannedForEncodings = 0;
			knownRegions = (
				en,
				Base,
			);
			mainGroup = 6AA426F5205A191B00CB3E63;
			productRefGroup = 6AA426FF205A191B00CB3E63 /* Products */;
			projectDirPath = "";
			projectRoot = "";
			targets = (
				6AA426FD205A191B00CB3E63 /* GJJanusDemo */,
			);
		};
/* End PBXProject section */

/* Begin PBXResourcesBuildPhase section */
		6AA426FC205A191B00CB3E63 /* Resources */ = {
			isa = PBXResourcesBuildPhase;
			buildActionMask = 2147483647;
			files = (
				6AA4270E205A191B00CB3E63 /* LaunchScreen.storyboard in Resources */,
				6AA4270B205A191B00CB3E63 /* Assets.xcassets in Resources */,
				6AA42709205A191B00CB3E63 /* Main.storyboard in Resources */,
			);
			runOnlyForDeploymentPostprocessing = 0;
		};
/* End PBXResourcesBuildPhase section */

/* Begin PBXShellScriptBuildPhase section */
		5DD80F3FECAC34AD33A445B1 /* [CP] Check Pods Manifest.lock */ = {
			isa = PBXShellScriptBuildPhase;
			buildActionMask = 2147483647;
			files = (
			);
			inputPaths = (
				"${PODS_PODFILE_DIR_PATH}/Podfile.lock",
				"${PODS_ROOT}/Manifest.lock",
			);
			name = "[CP] Check Pods Manifest.lock";
			outputPaths = (
				"$(DERIVED_FILE_DIR)/Pods-GJJanusDemo-checkManifestLockResult.txt",
			);
			runOnlyForDeploymentPostprocessing = 0;
			shellPath = /bin/sh;
			shellScript = "diff \"${PODS_PODFILE_DIR_PATH}/Podfile.lock\" \"${PODS_ROOT}/Manifest.lock\" > /dev/null\nif [ $? != 0 ] ; then\n    # print error to STDERR\n    echo \"error: The sandbox is not in sync with the Podfile.lock. Run 'pod install' or update your CocoaPods installation.\" >&2\n    exit 1\nfi\n# This output is used by Xcode 'outputs' to avoid re-running this script phase.\necho \"SUCCESS\" > \"${SCRIPT_OUTPUT_FILE_0}\"\n";
			showEnvVarsInLog = 0;
		};
		614F30546EB69EB29C2CE621 /* [CP] Embed Pods Frameworks */ = {
			isa = PBXShellScriptBuildPhase;
			buildActionMask = 2147483647;
			files = (
			);
			inputPaths = (
				"${PODS_ROOT}/Target Support Files/Pods-GJJanusDemo/Pods-GJJanusDemo-frameworks.sh",
				"${PODS_ROOT}/GoogleWebRTC/Frameworks/frameworks/WebRTC.framework",
			);
			name = "[CP] Embed Pods Frameworks";
			outputPaths = (
				"${TARGET_BUILD_DIR}/${FRAMEWORKS_FOLDER_PATH}/WebRTC.framework",
			);
			runOnlyForDeploymentPostprocessing = 0;
			shellPath = /bin/sh;
			shellScript = "\"${PODS_ROOT}/Target Support Files/Pods-GJJanusDemo/Pods-GJJanusDemo-frameworks.sh\"\n";
			showEnvVarsInLog = 0;
		};
/* End PBXShellScriptBuildPhase section */

/* Begin PBXSourcesBuildPhase section */
		6AA426FA205A191B00CB3E63 /* Sources */ = {
			isa = PBXSourcesBuildPhase;
			buildActionMask = 2147483647;
			files = (
				6AA42706205A191B00CB3E63 /* ViewController.m in Sources */,
				6AA42711205A191B00CB3E63 /* main.m in Sources */,
				6A1A3B0C20610BA700CCAE98 /* VideoCallViewController.m in Sources */,
				6AA42703205A191B00CB3E63 /* AppDelegate.m in Sources */,
			);
			runOnlyForDeploymentPostprocessing = 0;
		};
/* End PBXSourcesBuildPhase section */

/* Begin PBXVariantGroup section */
		6AA42707205A191B00CB3E63 /* Main.storyboard */ = {
			isa = PBXVariantGroup;
			children = (
				6AA42708205A191B00CB3E63 /* Base */,
			);
			name = Main.storyboard;
			sourceTree = "<group>";
		};
		6AA4270C205A191B00CB3E63 /* LaunchScreen.storyboard */ = {
			isa = PBXVariantGroup;
			children = (
				6AA4270D205A191B00CB3E63 /* Base */,
			);
			name = LaunchScreen.storyboard;
			sourceTree = "<group>";
		};
/* End PBXVariantGroup section */

/* Begin XCBuildConfiguration section */
		6AA42712205A191B00CB3E63 /* Debug */ = {
			isa = XCBuildConfiguration;
			buildSettings = {
				ALWAYS_SEARCH_USER_PATHS = NO;
				CLANG_ANALYZER_NONNULL = YES;
				CLANG_ANALYZER_NUMBER_OBJECT_CONVERSION = YES_AGGRESSIVE;
				CLANG_CXX_LANGUAGE_STANDARD = "gnu++14";
				CLANG_CXX_LIBRARY = "libc++";
				CLANG_ENABLE_MODULES = YES;
				CLANG_ENABLE_OBJC_ARC = YES;
				CLANG_WARN_BLOCK_CAPTURE_AUTORELEASING = YES;
				CLANG_WARN_BOOL_CONVERSION = YES;
				CLANG_WARN_COMMA = YES;
				CLANG_WARN_CONSTANT_CONVERSION = YES;
				CLANG_WARN_DIRECT_OBJC_ISA_USAGE = YES_ERROR;
				CLANG_WARN_DOCUMENTATION_COMMENTS = YES;
				CLANG_WARN_EMPTY_BODY = YES;
				CLANG_WARN_ENUM_CONVERSION = YES;
				CLANG_WARN_INFINITE_RECURSION = YES;
				CLANG_WARN_INT_CONVERSION = YES;
				CLANG_WARN_NON_LITERAL_NULL_CONVERSION = YES;
				CLANG_WARN_OBJC_LITERAL_CONVERSION = YES;
				CLANG_WARN_OBJC_ROOT_CLASS = YES_ERROR;
				CLANG_WARN_RANGE_LOOP_ANALYSIS = YES;
				CLANG_WARN_STRICT_PROTOTYPES = YES;
				CLANG_WARN_SUSPICIOUS_MOVE = YES;
				CLANG_WARN_UNGUARDED_AVAILABILITY = YES_AGGRESSIVE;
				CLANG_WARN_UNREACHABLE_CODE = YES;
				CLANG_WARN__DUPLICATE_METHOD_MATCH = YES;
				CODE_SIGN_IDENTITY = "iPhone Developer";
				COPY_PHASE_STRIP = NO;
				DEBUG_INFORMATION_FORMAT = dwarf;
				ENABLE_STRICT_OBJC_MSGSEND = YES;
				ENABLE_TESTABILITY = YES;
				GCC_C_LANGUAGE_STANDARD = gnu11;
				GCC_DYNAMIC_NO_PIC = NO;
				GCC_NO_COMMON_BLOCKS = YES;
				GCC_OPTIMIZATION_LEVEL = 0;
				GCC_PREPROCESSOR_DEFINITIONS = (
					"DEBUG=1",
					"$(inherited)",
				);
				GCC_WARN_64_TO_32_BIT_CONVERSION = YES;
				GCC_WARN_ABOUT_RETURN_TYPE = YES_ERROR;
				GCC_WARN_UNDECLARED_SELECTOR = YES;
				GCC_WARN_UNINITIALIZED_AUTOS = YES_AGGRESSIVE;
				GCC_WARN_UNUSED_FUNCTION = YES;
				GCC_WARN_UNUSED_VARIABLE = YES;
				IPHONEOS_DEPLOYMENT_TARGET = 14.2;
				MTL_ENABLE_DEBUG_INFO = YES;
				ONLY_ACTIVE_ARCH = YES;
				SDKROOT = iphoneos;
			};
			name = Debug;
		};
		6AA42713205A191B00CB3E63 /* Release */ = {
			isa = XCBuildConfiguration;
			buildSettings = {
				ALWAYS_SEARCH_USER_PATHS = NO;
				CLANG_ANALYZER_NONNULL = YES;
				CLANG_ANALYZER_NUMBER_OBJECT_CONVERSION = YES_AGGRESSIVE;
				CLANG_CXX_LANGUAGE_STANDARD = "gnu++14";
				CLANG_CXX_LIBRARY = "libc++";
				CLANG_ENABLE_MODULES = YES;
				CLANG_ENABLE_OBJC_ARC = YES;
				CLANG_WARN_BLOCK_CAPTURE_AUTORELEASING = YES;
				CLANG_WARN_BOOL_CONVERSION = YES;
				CLANG_WARN_COMMA = YES;
				CLANG_WARN_CONSTANT_CONVERSION = YES;
				CLANG_WARN_DIRECT_OBJC_ISA_USAGE = YES_ERROR;
				CLANG_WARN_DOCUMENTATION_COMMENTS = YES;
				CLANG_WARN_EMPTY_BODY = YES;
				CLANG_WARN_ENUM_CONVERSION = YES;
				CLANG_WARN_INFINITE_RECURSION = YES;
				CLANG_WARN_INT_CONVERSION = YES;
				CLANG_WARN_NON_LITERAL_NULL_CONVERSION = YES;
				CLANG_WARN_OBJC_LITERAL_CONVERSION = YES;
				CLANG_WARN_OBJC_ROOT_CLASS = YES_ERROR;
				CLANG_WARN_RANGE_LOOP_ANALYSIS = YES;
				CLANG_WARN_STRICT_PROTOTYPES = YES;
				CLANG_WARN_SUSPICIOUS_MOVE = YES;
				CLANG_WARN_UNGUARDED_AVAILABILITY = YES_AGGRESSIVE;
				CLANG_WARN_UNREACHABLE_CODE = YES;
				CLANG_WARN__DUPLICATE_METHOD_MATCH = YES;
				CODE_SIGN_IDENTITY = "iPhone Developer";
				COPY_PHASE_STRIP = NO;
				DEBUG_INFORMATION_FORMAT = "dwarf-with-dsym";
				ENABLE_NS_ASSERTIONS = NO;
				ENABLE_STRICT_OBJC_MSGSEND = YES;
				GCC_C_LANGUAGE_STANDARD = gnu11;
				GCC_NO_COMMON_BLOCKS = YES;
				GCC_WARN_64_TO_32_BIT_CONVERSION = YES;
				GCC_WARN_ABOUT_RETURN_TYPE = YES_ERROR;
				GCC_WARN_UNDECLARED_SELECTOR = YES;
				GCC_WARN_UNINITIALIZED_AUTOS = YES_AGGRESSIVE;
				GCC_WARN_UNUSED_FUNCTION = YES;
				GCC_WARN_UNUSED_VARIABLE = YES;
				IPHONEOS_DEPLOYMENT_TARGET = 14.2;
				MTL_ENABLE_DEBUG_INFO = NO;
				SDKROOT = iphoneos;
				VALIDATE_PRODUCT = YES;
			};
			name = Release;
		};
		6AA42715205A191B00CB3E63 /* Debug */ = {
			isa = XCBuildConfiguration;
			baseConfigurationReference = F597E2BDC3054159ED486457 /* Pods-GJJanusDemo.debug.xcconfig */;
			buildSettings = {
				ASSETCATALOG_COMPILER_APPICON_NAME = AppIcon;
				CODE_SIGN_IDENTITY = "Apple Development";
				CODE_SIGN_STYLE = Automatic;
				DEVELOPMENT_TEAM = 9X77WD8Q4S;
				ENABLE_BITCODE = NO;
				FRAMEWORK_SEARCH_PATHS = (
					"$(inherited)",
					"$(PROJECT_DIR)",
				);
				HEADER_SEARCH_PATHS = (
					"$(inherited)",
					"\"${PODS_ROOT}/Headers/Public\"",
					"\"${PODS_ROOT}/Headers/Public/AFNetworking\"",
					"\"${PODS_ROOT}/Headers/Public/SocketRocket\"",
				);
				INFOPLIST_FILE = JanusDemo/Info.plist;
				IPHONEOS_DEPLOYMENT_TARGET = 9.0;
				LD_RUNPATH_SEARCH_PATHS = "$(inherited) @executable_path/Frameworks";
				LIBRARY_SEARCH_PATHS = (
					"$(inherited)",
					"\"${PODS_CONFIGURATION_BUILD_DIR}/AFNetworking\"",
					"\"${PODS_CONFIGURATION_BUILD_DIR}/SocketRocket\"",
				);
				PRODUCT_BUNDLE_IDENTIFIER = com.gj.engine;
				PRODUCT_NAME = "$(TARGET_NAME)";
				PROVISIONING_PROFILE_SPECIFIER = "";
				SYSTEM_HEADER_SEARCH_PATHS = "";
				TARGETED_DEVICE_FAMILY = "1,2";
				USER_HEADER_SEARCH_PATHS = "";
			};
			name = Debug;
		};
		6AA42716205A191B00CB3E63 /* Release */ = {
			isa = XCBuildConfiguration;
			baseConfigurationReference = 54411A4BEE9964BD1B6E1CDE /* Pods-GJJanusDemo.release.xcconfig */;
			buildSettings = {
				ASSETCATALOG_COMPILER_APPICON_NAME = AppIcon;
				CODE_SIGN_IDENTITY = "Apple Development";
				CODE_SIGN_STYLE = Automatic;
				DEVELOPMENT_TEAM = 9X77WD8Q4S;
				ENABLE_BITCODE = NO;
				FRAMEWORK_SEARCH_PATHS = (
					"$(inherited)",
					"$(PROJECT_DIR)",
				);
				HEADER_SEARCH_PATHS = (
					"$(inherited)",
					"\"${PODS_ROOT}/Headers/Public\"",
					"\"${PODS_ROOT}/Headers/Public/AFNetworking\"",
					"\"${PODS_ROOT}/Headers/Public/SocketRocket\"",
				);
				INFOPLIST_FILE = JanusDemo/Info.plist;
				IPHONEOS_DEPLOYMENT_TARGET = 9.0;
				LD_RUNPATH_SEARCH_PATHS = "$(inherited) @executable_path/Frameworks";
				LIBRARY_SEARCH_PATHS = (
					"$(inherited)",
					"\"${PODS_CONFIGURATION_BUILD_DIR}/AFNetworking\"",
					"\"${PODS_CONFIGURATION_BUILD_DIR}/SocketRocket\"",
				);
				ONLY_ACTIVE_ARCH = YES;
				PRODUCT_BUNDLE_IDENTIFIER = com.gj.engine;
				PRODUCT_NAME = "$(TARGET_NAME)";
				PROVISIONING_PROFILE_SPECIFIER = "";
				SYSTEM_HEADER_SEARCH_PATHS = "";
				TARGETED_DEVICE_FAMILY = "1,2";
				USER_HEADER_SEARCH_PATHS = "";
			};
			name = Release;
		};
/* End XCBuildConfiguration section */

/* Begin XCConfigurationList section */
		6AA426F9205A191B00CB3E63 /* Build configuration list for PBXProject "GJJanusDemo" */ = {
			isa = XCConfigurationList;
			buildConfigurations = (
				6AA42712205A191B00CB3E63 /* Debug */,
				6AA42713205A191B00CB3E63 /* Release */,
			);
			defaultConfigurationIsVisible = 0;
			defaultConfigurationName = Release;
		};
		6AA42714205A191B00CB3E63 /* Build configuration list for PBXNativeTarget "GJJanusDemo" */ = {
			isa = XCConfigurationList;
			buildConfigurations = (
				6AA42715205A191B00CB3E63 /* Debug */,
				6AA42716205A191B00CB3E63 /* Release */,
			);
			defaultConfigurationIsVisible = 0;
			defaultConfigurationName = Release;
		};
/* End XCConfigurationList section */
	};
	rootObject = 6AA426F6205A191B00CB3E63 /* Project object */;
}
